Microsoft Visual Studio Solution File, Format Version 12.00
# Visual Studio Version 17
VisualStudioVersion = 17.5.2.0
MinimumVisualStudioVersion = 10.0.40219.1
Project("{FAE04EC0-301F-11D3-BF4B-00C04F79EFBC}") = "apptarefas", "apptarefas.csproj", "{5CF551CE-03A3-AA5A-6B06-69FD223C5595}"
EndProject
Global
	GlobalSection(SolutionConfigurationPlatforms) = preSolution
		Debug|Any CPU = Debug|Any CPU
		Release|Any CPU = Release|Any CPU
	EndGlobalSection
	GlobalSection(ProjectConfigurationPlatforms) = postSolution
		{5CF551CE-03A3-AA5A-6B06-69FD223C5595}.Debug|Any CPU.ActiveCfg = Debug|Any CPU
		{5CF551CE-03A3-AA5A-6B06-69FD223C5595}.Debug|Any CPU.Build.0 = Debug|Any CPU
		{5CF551CE-03A3-AA5A-6B06-69FD223C5595}.Release|Any CPU.ActiveCfg = Release|Any CPU
		{5CF551CE-03A3-AA5A-6B06-69FD223C5595}.Release|Any CPU.Build.0 = Release|Any CPU
	EndGlobalSection
	GlobalSection(SolutionProperties) = preSolution
		HideSolutionNode = FALSE
	EndGlobalSection
	GlobalSection(ExtensibilityGlobals) = postSolution
		SolutionGuid = {0A7F58FB-53A1-42AC-96D0-07A2888FF63D}
	EndGlobalSection
EndGlobal
